
Microsoft Visual Studio Solution File, Format Version 12.00
# Visual Studio Version 17
VisualStudioVersion = 17.4.33205.214
MinimumVisualStudioVersion = 10.0.40219.1
Project("{FAE04EC0-301F-11D3-BF4B-00C04F79EFBC}") = "WebViewReproduce", "WebViewReproduce\WebViewReproduce.csproj", "{C42A5012-B123-447E-8DB6-14DCD36CB075}"
EndProject
Global
	GlobalSection(SolutionConfigurationPlatforms) = preSolution
		Debug|Any CPU = Debug|Any CPU
		Release|Any CPU = Release|Any CPU
	EndGlobalSection
	GlobalSection(ProjectConfigurationPlatforms) = postSolution
		{C42A5012-B123-447E-8DB6-14DCD36CB075}.Debug|Any CPU.ActiveCfg = Debug|Any CPU
		{C42A5012-B123-447E-8DB6-14DCD36CB075}.Debug|Any CPU.Build.0 = Debug|Any CPU
		{C42A5012-B123-447E-8DB6-14DCD36CB075}.Release|Any CPU.ActiveCfg = Release|Any CPU
		{C42A5012-B123-447E-8DB6-14DCD36CB075}.Release|Any CPU.Build.0 = Release|Any CPU
	EndGlobalSection
	GlobalSection(SolutionProperties) = preSolution
		HideSolutionNode = FALSE
	EndGlobalSection
	GlobalSection(ExtensibilityGlobals) = postSolution
		SolutionGuid = {7B77B8CF-F651-44CE-91E0-894B204681DA}
	EndGlobalSection
EndGlobal
